PODS:
  - AudioKit (4.0.4):
    - AudioKit/UI (= 4.0.4)
  - AudioKit/UI (4.0.4)
  - SnapKit (4.0.0)

DEPENDENCIES:
  - AudioKit
  - SnapKit

SPEC CHECKSUMS:
  AudioKit: 647145c0462dc9dc8a8582998cd6db5f2e1ea848
  SnapKit: a42d492c16e80209130a3379f73596c3454b7694

PODFILE CHECKSUM: 65ef6cb82db46efa65439d5c2ecd0295eefa7e90

COCOAPODS: 1.4.0
